
Microsoft Visual Studio Solution File, Format Version 12.00
# Visual Studio Version 17
VisualStudioVersion = 17.6.33723.286
MinimumVisualStudioVersion = 10.0.40219.1
Project("{8BC9CEB8-8B4A-11D0-8D11-00A0C91BC942}") = "Exam3", "Exam3\Exam3.vcxproj", "{362A9B47-BBAB-4447-BA7A-79D1BC4CE254}"
EndProject
Global
	GlobalSection(SolutionConfigurationPlatforms) = preSolution
		Debug|x64 = Debug|x64
		Debug|x86 = Debug|x86
		Release|x64 = Release|x64
		Release|x86 = Release|x86
	EndGlobalSection
	GlobalSection(ProjectConfigurationPlatforms) = postSolution
		{362A9B47-BBAB-4447-BA7A-79D1BC4CE254}.Debug|x64.ActiveCfg = Debug|x64
		{362A9B47-BBAB-4447-BA7A-79D1BC4CE254}.Debug|x64.Build.0 = Debug|x64
		{362A9B47-BBAB-4447-BA7A-79D1BC4CE254}.Debug|x86.ActiveCfg = Debug|Win32
		{362A9B47-BBAB-4447-BA7A-79D1BC4CE254}.Debug|x86.Build.0 = Debug|Win32
		{362A9B47-BBAB-4447-BA7A-79D1BC4CE254}.Release|x64.ActiveCfg = Release|x64
		{362A9B47-BBAB-4447-BA7A-79D1BC4CE254}.Release|x64.Build.0 = Release|x64
		{362A9B47-BBAB-4447-BA7A-79D1BC4CE254}.Release|x86.ActiveCfg = Release|Win32
		{362A9B47-BBAB-4447-BA7A-79D1BC4CE254}.Release|x86.Build.0 = Release|Win32
	EndGlobalSection
	GlobalSection(SolutionProperties) = preSolution
		HideSolutionNode = FALSE
	EndGlobalSection
	GlobalSection(ExtensibilityGlobals) = postSolution
		SolutionGuid = {0E3F8E2A-E0F4-4386-AC3F-450BDB01E249}
	EndGlobalSection
EndGlobal
